schema_version: '1.0'
installed:
  NAVI:using-agent-skills:
    employee: NAVI
    skill_id: using-agent-skills
    source_id: addy
    repo: addyosmani/agent-skills
    commit_sha: 7829ffd90d973b6325f5f12f1b1226dcace74443
    license: MIT
    source_path: skills/using-agent-skills
    install_path: employees\operations-planning\NAVI\skills\using-agent-skills
    tree_sha256: 46f26507c1f07668ba45bb9dbc0d56d81e87daf8d3e26445e4c7cf330c410469
    optional: false
  NAVI:planning-and-task-breakdown:
    employee: NAVI
    skill_id: planning-and-task-breakdown
    source_id: addy
    repo: addyosmani/agent-skills
    commit_sha: 7829ffd90d973b6325f5f12f1b1226dcace74443
    license: MIT
    source_path: skills/planning-and-task-breakdown
    install_path: employees\operations-planning\NAVI\skills\planning-and-task-breakdown
    tree_sha256: 35b0e06fa11a71236609b1eb0a78355e713781c69230b5ca64e621933607f188
    optional: false
  NAVI:executing-plans:
    employee: NAVI
    skill_id: executing-plans
    source_id: superpowers
    repo: obra/superpowers
    commit_sha: 3dcbd5c4b48e02263fbf4a3c01e3fe4f81d584d9
    license: MIT
    source_path: skills/executing-plans
    install_path: employees\operations-planning\NAVI\skills\executing-plans
    tree_sha256: a9bd04fa6c485ed5221f8d07d2e87b882019f5db712b2f299c26a010d2c3710e
    optional: false
  ROUTE:planning-and-task-breakdown:
    employee: ROUTE
    skill_id: planning-and-task-breakdown
    source_id: addy
    repo: addyosmani/agent-skills
    commit_sha: 7829ffd90d973b6325f5f12f1b1226dcace74443
    license: MIT
    source_path: skills/planning-and-task-breakdown
    install_path: employees\operations-planning\ROUTE\skills\planning-and-task-breakdown
    tree_sha256: 35b0e06fa11a71236609b1eb0a78355e713781c69230b5ca64e621933607f188
    optional: false
  ROUTE:dispatching-parallel-agents:
    employee: ROUTE
    skill_id: dispatching-parallel-agents
    source_id: superpowers
    repo: obra/superpowers
    commit_sha: 3dcbd5c4b48e02263fbf4a3c01e3fe4f81d584d9
    license: MIT
    source_path: skills/dispatching-parallel-agents
    install_path: employees\operations-planning\ROUTE\skills\dispatching-parallel-agents
    tree_sha256: 2e5f18b30479092e903a4b107355d3ddcd28540f687e7e58307002c23bbfded4
    optional: false
  ROUTE:using-git-worktrees:
    employee: ROUTE
    skill_id: using-git-worktrees
    source_id: superpowers
    repo: obra/superpowers
    commit_sha: 3dcbd5c4b48e02263fbf4a3c01e3fe4f81d584d9
    license: MIT
    source_path: skills/using-git-worktrees
    install_path: employees\operations-planning\ROUTE\skills\using-git-worktrees
    tree_sha256: 40af03bf20f17f0a2544cb2d24091e3577abe393f4b4359a5fcaac6257085861
    optional: false
  ROUTE:git-workflow-and-versioning:
    employee: ROUTE
    skill_id: git-workflow-and-versioning
    source_id: addy
    repo: addyosmani/agent-skills
    commit_sha: 7829ffd90d973b6325f5f12f1b1226dcace74443
    license: MIT
    source_path: skills/git-workflow-and-versioning
    install_path: employees\operations-planning\ROUTE\skills\git-workflow-and-versioning
    tree_sha256: 2872b66b0fb226b1fc4b933bf0c1a0387ab92483f7fc39441e9e8841244595b5
    optional: false
  CLOCK:observability-and-instrumentation:
    employee: CLOCK
    skill_id: observability-and-instrumentation
    source_id: addy
    repo: addyosmani/agent-skills
    commit_sha: 7829ffd90d973b6325f5f12f1b1226dcace74443
    license: MIT
    source_path: skills/observability-and-instrumentation
    install_path: employees\operations-planning\CLOCK\skills\observability-and-instrumentation
    tree_sha256: 1b3e79de59ef529eb771d79f46d2d4ae4a76b9bed81f38dcce21434aacd6cf27
    optional: false
  CLOCK:debugging-and-error-recovery:
    employee: CLOCK
    skill_id: debugging-and-error-recovery
    source_id: addy
    repo: addyosmani/agent-skills
    commit_sha: 7829ffd90d973b6325f5f12f1b1226dcace74443
    license: MIT
    source_path: skills/debugging-and-error-recovery
    install_path: employees\operations-planning\CLOCK\skills\debugging-and-error-recovery
    tree_sha256: c4463aa12d98765223ae5d50bdb1c47a754e90901fae8a1aa0d45dbccb8e0c9f
    optional: false
  CLOCK:code-simplification:
    employee: CLOCK
    skill_id: code-simplification
    source_id: addy
    repo: addyosmani/agent-skills
    commit_sha: 7829ffd90d973b6325f5f12f1b1226dcace74443
    license: MIT
    source_path: skills/code-simplification
    install_path: employees\operations-planning\CLOCK\skills\code-simplification
    tree_sha256: e971d58f3320c26c29f1b0b6254c5ccd89fe79f74775dace9a506818553c4a0c
    optional: false
  FRAME:planning-and-task-breakdown:
    employee: FRAME
    skill_id: planning-and-task-breakdown
    source_id: addy
    repo: addyosmani/agent-skills
    commit_sha: 7829ffd90d973b6325f5f12f1b1226dcace74443
    license: MIT
    source_path: skills/planning-and-task-breakdown
    install_path: employees\product-experience\FRAME\skills\planning-and-task-breakdown
    tree_sha256: 35b0e06fa11a71236609b1eb0a78355e713781c69230b5ca64e621933607f188
    optional: false
  FRAME:source-driven-development:
    employee: FRAME
    skill_id: source-driven-development
    source_id: addy
    repo: addyosmani/agent-skills
    commit_sha: 7829ffd90d973b6325f5f12f1b1226dcace74443
    license: MIT
    source_path: skills/source-driven-development
    install_path: employees\product-experience\FRAME\skills\source-driven-development
    tree_sha256: 8484d1f9ca96e7e8b09207a6c077681f6fb8f86203a9d4a494360b9576f00710
    optional: false
  FRAME:writing-plans:
    employee: FRAME
    skill_id: writing-plans
    source_id: superpowers
    repo: obra/superpowers
    commit_sha: 3dcbd5c4b48e02263fbf4a3c01e3fe4f81d584d9
    license: MIT
    source_path: skills/writing-plans
    install_path: employees\product-experience\FRAME\skills\writing-plans
    tree_sha256: f4ccbb77124c701ad4fa2bada4130a953ac2dc309709345cc2d9bebf406ecbcc
    optional: false
  FLOW:ui-ux-pro-max:
    employee: FLOW
    skill_id: ui-ux-pro-max
    source_id: uiux
    repo: nextlevelbuilder/ui-ux-pro-max-skill
    commit_sha: 4857a2c5ef989794751a0f66b8545a4a49566286
    license: MIT
    source_path: .claude/skills/ui-ux-pro-max
    install_path: employees\product-experience\FLOW\skills\ui-ux-pro-max
    tree_sha256: a839b59bc9f9b3766f60edfb0d7f6d0278cb4eb1ca00a36ba36d1e847bb79625
    optional: false
  FLOW:source-driven-development:
    employee: FLOW
    skill_id: source-driven-development
    source_id: addy
    repo: addyosmani/agent-skills
    commit_sha: 7829ffd90d973b6325f5f12f1b1226dcace74443
    license: MIT
    source_path: skills/source-driven-development
    install_path: employees\product-experience\FLOW\skills\source-driven-development
    tree_sha256: 8484d1f9ca96e7e8b09207a6c077681f6fb8f86203a9d4a494360b9576f00710
    optional: false
  FLOW:customer-research:
    employee: FLOW
    skill_id: customer-research
    source_id: marketing
    repo: coreyhaines31/marketingskills
    commit_sha: 7868cb9251fad80a73d26e488a5ad5f6c4a9f335
    license: MIT
    source_path: skills/customer-research
    install_path: employees\product-experience\FLOW\skills\customer-research
    tree_sha256: 30f933eb3186480eb2d1b8f35cd0fa70b64a6551ee2a5737875e2cf1c1c6d0c2
    optional: false
  MOSS:ui-ux-pro-max:
    employee: MOSS
    skill_id: ui-ux-pro-max
    source_id: uiux
    repo: nextlevelbuilder/ui-ux-pro-max-skill
    commit_sha: 4857a2c5ef989794751a0f66b8545a4a49566286
    license: MIT
    source_path: .claude/skills/ui-ux-pro-max
    install_path: employees\product-experience\MOSS\skills\ui-ux-pro-max
    tree_sha256: a839b59bc9f9b3766f60edfb0d7f6d0278cb4eb1ca00a36ba36d1e847bb79625
    optional: false
  MOSS:impeccable:
    employee: MOSS
    skill_id: impeccable
    source_id: impeccable
    repo: pbakaus/impeccable
    commit_sha: 1cf7d7ab0f1ac0bb3319fd20be389a3009f4037d
    license: Apache-2.0
    source_path: .agents/skills/impeccable
    install_path: employees\product-experience\MOSS\skills\impeccable
    tree_sha256: c6b8689d54a5ed7b7d4aee9b9b9a146f339b0ddf8b0eb02c8e333ebb94dddfe0
    optional: false
  MOSS:design-first-ui-prompting:
    employee: MOSS
    skill_id: design-first-ui-prompting
    source_id: mengto
    repo: MengTo/Skills
    commit_sha: 93da48f13fb1b91bdbf4718d0f49df1a469edb45
    license: MIT
    source_path: agent-skills/ui/design-first-ui-prompting
    install_path: employees\product-experience\MOSS\skills\design-first-ui-prompting
    tree_sha256: 0aca0037b76648c79e34a5a1b6f0fe7fb871efa5f287bae3e59325ef4501bafb
    optional: false
  MOSS:humanizer:
    employee: MOSS
    skill_id: humanizer
    source_id: humanizer
    repo: blader/humanizer
    commit_sha: 523374dee72d67c7b2b5f858ea0094ffda49c3ac
    license: MIT
    source_path: SKILL.md
    install_path: employees\product-experience\MOSS\skills\humanizer
    tree_sha256: 51efcd0c4bee071f1c109563ba619c89ca9303f9775b7a6d01c1fa425c31e22e
    optional: false
  BUILD:incremental-implementation:
    employee: BUILD
    skill_id: incremental-implementation
    source_id: addy
    repo: addyosmani/agent-skills
    commit_sha: 7829ffd90d973b6325f5f12f1b1226dcace74443
    license: MIT
    source_path: skills/incremental-implementation
    install_path: employees\application\BUILD\skills\incremental-implementation
    tree_sha256: 9b289c44801a7d5b070b1912af29050685f77e96e5c7379cf91ba2972379eb00
    optional: false
  BUILD:code-simplification:
    employee: BUILD
    skill_id: code-simplification
    source_id: addy
    repo: addyosmani/agent-skills
    commit_sha: 7829ffd90d973b6325f5f12f1b1226dcace74443
    license: MIT
    source_path: skills/code-simplification
    install_path: employees\application\BUILD\skills\code-simplification
    tree_sha256: e971d58f3320c26c29f1b0b6254c5ccd89fe79f74775dace9a506818553c4a0c
    optional: false
  BUILD:code-review-and-quality:
    employee: BUILD
    skill_id: code-review-and-quality
    source_id: addy
    repo: addyosmani/agent-skills
    commit_sha: 7829ffd90d973b6325f5f12f1b1226dcace74443
    license: MIT
    source_path: skills/code-review-and-quality
    install_path: employees\application\BUILD\skills\code-review-and-quality
    tree_sha256: 1707ccf248a93ee4c504a82761df12db6119b1a38a354c0866ec0cbcc1ce7d87
    optional: false
  BUILD:git-workflow-and-versioning:
    employee: BUILD
    skill_id: git-workflow-and-versioning
    source_id: addy
    repo: addyosmani/agent-skills
    commit_sha: 7829ffd90d973b6325f5f12f1b1226dcace74443
    license: MIT
    source_path: skills/git-workflow-and-versioning
    install_path: employees\application\BUILD\skills\git-workflow-and-versioning
    tree_sha256: 2872b66b0fb226b1fc4b933bf0c1a0387ab92483f7fc39441e9e8841244595b5
    optional: false
  FRONT:frontend-ui-engineering:
    employee: FRONT
    skill_id: frontend-ui-engineering
    source_id: addy
    repo: addyosmani/agent-skills
    commit_sha: 7829ffd90d973b6325f5f12f1b1226dcace74443
    license: MIT
    source_path: skills/frontend-ui-engineering
    install_path: employees\application\FRONT\skills\frontend-ui-engineering
    tree_sha256: 0adb7c4726b131359e697f836ea58c6c65a0601bfeac60284678ae244cf9cf5f
    optional: false
  FRONT:browser-testing-with-devtools:
    employee: FRONT
    skill_id: browser-testing-with-devtools
    source_id: addy
    repo: addyosmani/agent-skills
    commit_sha: 7829ffd90d973b6325f5f12f1b1226dcace74443
    license: MIT
    source_path: skills/browser-testing-with-devtools
    install_path: employees\application\FRONT\skills\browser-testing-with-devtools
    tree_sha256: 011e0b15b77eceb132ac2900a8dd4e6c6dcad77d19b2e5d3a46ecaf9f4288a4c
    optional: false
  FRONT:ui-ux-pro-max:
    employee: FRONT
    skill_id: ui-ux-pro-max
    source_id: uiux
    repo: nextlevelbuilder/ui-ux-pro-max-skill
    commit_sha: 4857a2c5ef989794751a0f66b8545a4a49566286
    license: MIT
    source_path: .claude/skills/ui-ux-pro-max
    install_path: employees\application\FRONT\skills\ui-ux-pro-max
    tree_sha256: a839b59bc9f9b3766f60edfb0d7f6d0278cb4eb1ca00a36ba36d1e847bb79625
    optional: false
  FRONT:gsap-react:
    employee: FRONT
    skill_id: gsap-react
    source_id: gsap
    repo: greensock/gsap-skills
    commit_sha: aed9cfd3277740755f6bfc1155c7aa645403b760
    license: MIT
    source_path: skills/gsap-react
    install_path: employees\application\FRONT\skills\gsap-react
    tree_sha256: 73855e9d85483de2f724feed337c9fe447fbf0d79bd2513b8263262af09ceafd
    optional: false
  FRONT:gsap-performance:
    employee: FRONT
    skill_id: gsap-performance
    source_id: gsap
    repo: greensock/gsap-skills
    commit_sha: aed9cfd3277740755f6bfc1155c7aa645403b760
    license: MIT
    source_path: skills/gsap-performance
    install_path: employees\application\FRONT\skills\gsap-performance
    tree_sha256: 90ce6e574091346f6b72176f1eb7b9e9c282c4a45c5c60d548306b54db1a8253
    optional: false
  BACK:api-and-interface-design:
    employee: BACK
    skill_id: api-and-interface-design
    source_id: addy
    repo: addyosmani/agent-skills
    commit_sha: 7829ffd90d973b6325f5f12f1b1226dcace74443
    license: MIT
    source_path: skills/api-and-interface-design
    install_path: employees\application\BACK\skills\api-and-interface-design
    tree_sha256: 55b53d2f12020b01e1cf60f6f97a8a208671c5bcc3cd892e886a7a8d852a0e63
    optional: false
  BACK:auth-implementation-patterns:
    employee: BACK
    skill_id: auth-implementation-patterns
    source_id: wshobson
    repo: wshobson/agents
    commit_sha: c4b82b0ad771190355eb8e204b1329732a18449a
    license: MIT
    source_path: plugins/developer-essentials/skills/auth-implementation-patterns
    install_path: employees\application\BACK\skills\auth-implementation-patterns
    tree_sha256: aa2a3a55531a7fdc839aa3de618a81bcc62c961de150f080c6e8a1c7d2ea2d98
    optional: false
  BACK:sql-optimization-patterns:
    employee: BACK
    skill_id: sql-optimization-patterns
    source_id: wshobson
    repo: wshobson/agents
    commit_sha: c4b82b0ad771190355eb8e204b1329732a18449a
    license: MIT
    source_path: plugins/developer-essentials/skills/sql-optimization-patterns
    install_path: employees\application\BACK\skills\sql-optimization-patterns
    tree_sha256: 87f15f206266287acf24686ec2b5c0610dba1a5ab779f301617846a0ddd7c498
    optional: false
  BACK:security-and-hardening:
    employee: BACK
    skill_id: security-and-hardening
    source_id: addy
    repo: addyosmani/agent-skills
    commit_sha: 7829ffd90d973b6325f5f12f1b1226dcace74443
    license: MIT
    source_path: skills/security-and-hardening
    install_path: employees\application\BACK\skills\security-and-hardening
    tree_sha256: e79921119cb91efc91a858ab909b6d36b458fb4391c481e50949e7ba362693c1
    optional: false
  LINK:prompt-engineering-patterns:
    employee: LINK
    skill_id: prompt-engineering-patterns
    source_id: wshobson
    repo: wshobson/agents
    commit_sha: c4b82b0ad771190355eb8e204b1329732a18449a
    license: MIT
    source_path: plugins/llm-application-dev/skills/prompt-engineering-patterns
    install_path: employees\ai-data\LINK\skills\prompt-engineering-patterns
    tree_sha256: 40d78e2b444e9e909d220f240fe06b9adca1711fc8aff008a9c2844512da4774
    optional: false
  LINK:llm-evaluation:
    employee: LINK
    skill_id: llm-evaluation
    source_id: wshobson
    repo: wshobson/agents
    commit_sha: c4b82b0ad771190355eb8e204b1329732a18449a
    license: MIT
    source_path: plugins/llm-application-dev/skills/llm-evaluation
    install_path: employees\ai-data\LINK\skills\llm-evaluation
    tree_sha256: d242e6b2b4e4e608a08c658d8a27726401c7a0850698de6bf405331ab9f52db9
    optional: false
  LINK:rag-implementation:
    employee: LINK
    skill_id: rag-implementation
    source_id: wshobson
    repo: wshobson/agents
    commit_sha: c4b82b0ad771190355eb8e204b1329732a18449a
    license: MIT
    source_path: plugins/llm-application-dev/skills/rag-implementation
    install_path: employees\ai-data\LINK\skills\rag-implementation
    tree_sha256: b8942839342d4233a604c7b155c1b9d942480f69d52bb472d6a291c901860bbf
    optional: false
  SIGNAL:embedding-strategies:
    employee: SIGNAL
    skill_id: embedding-strategies
    source_id: wshobson
    repo: wshobson/agents
    commit_sha: c4b82b0ad771190355eb8e204b1329732a18449a
    license: MIT
    source_path: plugins/llm-application-dev/skills/embedding-strategies
    install_path: employees\ai-data\SIGNAL\skills\embedding-strategies
    tree_sha256: 5d04bfc25b6b700e3e5d6e2eb27b15cddf408595bbd71d10c13368abd5f91f4c
    optional: false
  SIGNAL:hybrid-search-implementation:
    employee: SIGNAL
    skill_id: hybrid-search-implementation
    source_id: wshobson
    repo: wshobson/agents
    commit_sha: c4b82b0ad771190355eb8e204b1329732a18449a
    license: MIT
    source_path: plugins/llm-application-dev/skills/hybrid-search-implementation
    install_path: employees\ai-data\SIGNAL\skills\hybrid-search-implementation
    tree_sha256: 201a6b92d939373ca00baba3ff5f8476de8965e2f79d4b8686ee60c0b53ed116
    optional: false
  SIGNAL:rag-implementation:
    employee: SIGNAL
    skill_id: rag-implementation
    source_id: wshobson
    repo: wshobson/agents
    commit_sha: c4b82b0ad771190355eb8e204b1329732a18449a
    license: MIT
    source_path: plugins/llm-application-dev/skills/rag-implementation
    install_path: employees\ai-data\SIGNAL\skills\rag-implementation
    tree_sha256: b8942839342d4233a604c7b155c1b9d942480f69d52bb472d6a291c901860bbf
    optional: false
  SIGNAL:sql-optimization-patterns:
    employee: SIGNAL
    skill_id: sql-optimization-patterns
    source_id: wshobson
    repo: wshobson/agents
    commit_sha: c4b82b0ad771190355eb8e204b1329732a18449a
    license: MIT
    source_path: plugins/developer-essentials/skills/sql-optimization-patterns
    install_path: employees\ai-data\SIGNAL\skills\sql-optimization-patterns
    tree_sha256: 87f15f206266287acf24686ec2b5c0610dba1a5ab779f301617846a0ddd7c498
    optional: false
  EVAL:llm-evaluation:
    employee: EVAL
    skill_id: llm-evaluation
    source_id: wshobson
    repo: wshobson/agents
    commit_sha: c4b82b0ad771190355eb8e204b1329732a18449a
    license: MIT
    source_path: plugins/llm-application-dev/skills/llm-evaluation
    install_path: employees\ai-data\EVAL\skills\llm-evaluation
    tree_sha256: d242e6b2b4e4e608a08c658d8a27726401c7a0850698de6bf405331ab9f52db9
    optional: false
  EVAL:doubt-driven-development:
    employee: EVAL
    skill_id: doubt-driven-development
    source_id: addy
    repo: addyosmani/agent-skills
    commit_sha: 7829ffd90d973b6325f5f12f1b1226dcace74443
    license: MIT
    source_path: skills/doubt-driven-development
    install_path: employees\ai-data\EVAL\skills\doubt-driven-development
    tree_sha256: fee4481fdc1d3de7eab827b4a797223bc40fd02fdcb5ab9884a686176eb34888
    optional: false
  EVAL:verification-before-completion:
    employee: EVAL
    skill_id: verification-before-completion
    source_id: superpowers
    repo: obra/superpowers
    commit_sha: 3dcbd5c4b48e02263fbf4a3c01e3fe4f81d584d9
    license: MIT
    source_path: skills/verification-before-completion
    install_path: employees\ai-data\EVAL\skills\verification-before-completion
    tree_sha256: 89a426c6e82dd7e5f8c2cda146d422dede1e3c70c6436eaf9acc7dc103d0a2ea
    optional: false
  EVAL:security-and-hardening:
    employee: EVAL
    skill_id: security-and-hardening
    source_id: addy
    repo: addyosmani/agent-skills
    commit_sha: 7829ffd90d973b6325f5f12f1b1226dcace74443
    license: MIT
    source_path: skills/security-and-hardening
    install_path: employees\ai-data\EVAL\skills\security-and-hardening
    tree_sha256: e79921119cb91efc91a858ab909b6d36b458fb4391c481e50949e7ba362693c1
    optional: false
  SHIP:ci-cd-and-automation:
    employee: SHIP
    skill_id: ci-cd-and-automation
    source_id: addy
    repo: addyosmani/agent-skills
    commit_sha: 7829ffd90d973b6325f5f12f1b1226dcace74443
    license: MIT
    source_path: skills/ci-cd-and-automation
    install_path: employees\platform-reliability\SHIP\skills\ci-cd-and-automation
    tree_sha256: a16880c657078383db084ec1f1b97ca643f3bd99b3be736d884712053fd4f8ee
    optional: false
  SHIP:shipping-and-launch:
    employee: SHIP
    skill_id: shipping-and-launch
    source_id: addy
    repo: addyosmani/agent-skills
    commit_sha: 7829ffd90d973b6325f5f12f1b1226dcace74443
    license: MIT
    source_path: skills/shipping-and-launch
    install_path: employees\platform-reliability\SHIP\skills\shipping-and-launch
    tree_sha256: d72d7e456c2f6dab7362bfffae6c4c726b793492ff2851bc3ebbbfe7a8c661b4
    optional: false
  SHIP:git-workflow-and-versioning:
    employee: SHIP
    skill_id: git-workflow-and-versioning
    source_id: addy
    repo: addyosmani/agent-skills
    commit_sha: 7829ffd90d973b6325f5f12f1b1226dcace74443
    license: MIT
    source_path: skills/git-workflow-and-versioning
    install_path: employees\platform-reliability\SHIP\skills\git-workflow-and-versioning
    tree_sha256: 2872b66b0fb226b1fc4b933bf0c1a0387ab92483f7fc39441e9e8841244595b5
    optional: false
  SHIP:verification-before-completion:
    employee: SHIP
    skill_id: verification-before-completion
    source_id: superpowers
    repo: obra/superpowers
    commit_sha: 3dcbd5c4b48e02263fbf4a3c01e3fe4f81d584d9
    license: MIT
    source_path: skills/verification-before-completion
    install_path: employees\platform-reliability\SHIP\skills\verification-before-completion
    tree_sha256: 89a426c6e82dd7e5f8c2cda146d422dede1e3c70c6436eaf9acc7dc103d0a2ea
    optional: false
  SRE:observability-and-instrumentation:
    employee: SRE
    skill_id: observability-and-instrumentation
    source_id: addy
    repo: addyosmani/agent-skills
    commit_sha: 7829ffd90d973b6325f5f12f1b1226dcace74443
    license: MIT
    source_path: skills/observability-and-instrumentation
    install_path: employees\platform-reliability\SRE\skills\observability-and-instrumentation
    tree_sha256: 1b3e79de59ef529eb771d79f46d2d4ae4a76b9bed81f38dcce21434aacd6cf27
    optional: false
  SRE:debugging-and-error-recovery:
    employee: SRE
    skill_id: debugging-and-error-recovery
    source_id: addy
    repo: addyosmani/agent-skills
    commit_sha: 7829ffd90d973b6325f5f12f1b1226dcace74443
    license: MIT
    source_path: skills/debugging-and-error-recovery
    install_path: employees\platform-reliability\SRE\skills\debugging-and-error-recovery
    tree_sha256: c4463aa12d98765223ae5d50bdb1c47a754e90901fae8a1aa0d45dbccb8e0c9f
    optional: false
  SRE:systematic-debugging:
    employee: SRE
    skill_id: systematic-debugging
    source_id: superpowers
    repo: obra/superpowers
    commit_sha: 3dcbd5c4b48e02263fbf4a3c01e3fe4f81d584d9
    license: MIT
    source_path: skills/systematic-debugging
    install_path: employees\platform-reliability\SRE\skills\systematic-debugging
    tree_sha256: d0134976029f33614f2be69ae7f44722ed6354ff9aef0c40f13bcdf646196026
    optional: false
  SRE:ci-cd-and-automation:
    employee: SRE
    skill_id: ci-cd-and-automation
    source_id: addy
    repo: addyosmani/agent-skills
    commit_sha: 7829ffd90d973b6325f5f12f1b1226dcace74443
    license: MIT
    source_path: skills/ci-cd-and-automation
    install_path: employees\platform-reliability\SRE\skills\ci-cd-and-automation
    tree_sha256: a16880c657078383db084ec1f1b97ca643f3bd99b3be736d884712053fd4f8ee
    optional: false
  COST:observability-and-instrumentation:
    employee: COST
    skill_id: observability-and-instrumentation
    source_id: addy
    repo: addyosmani/agent-skills
    commit_sha: 7829ffd90d973b6325f5f12f1b1226dcace74443
    license: MIT
    source_path: skills/observability-and-instrumentation
    install_path: employees\platform-reliability\COST\skills\observability-and-instrumentation
    tree_sha256: 1b3e79de59ef529eb771d79f46d2d4ae4a76b9bed81f38dcce21434aacd6cf27
    optional: false
  COST:code-simplification:
    employee: COST
    skill_id: code-simplification
    source_id: addy
    repo: addyosmani/agent-skills
    commit_sha: 7829ffd90d973b6325f5f12f1b1226dcace74443
    license: MIT
    source_path: skills/code-simplification
    install_path: employees\platform-reliability\COST\skills\code-simplification
    tree_sha256: e971d58f3320c26c29f1b0b6254c5ccd89fe79f74775dace9a506818553c4a0c
    optional: false
  COST:source-driven-development:
    employee: COST
    skill_id: source-driven-development
    source_id: addy
    repo: addyosmani/agent-skills
    commit_sha: 7829ffd90d973b6325f5f12f1b1226dcace74443
    license: MIT
    source_path: skills/source-driven-development
    install_path: employees\platform-reliability\COST\skills\source-driven-development
    tree_sha256: 8484d1f9ca96e7e8b09207a6c077681f6fb8f86203a9d4a494360b9576f00710
    optional: false
  GUARD:code-review-and-quality:
    employee: GUARD
    skill_id: code-review-and-quality
    source_id: addy
    repo: addyosmani/agent-skills
    commit_sha: 7829ffd90d973b6325f5f12f1b1226dcace74443
    license: MIT
    source_path: skills/code-review-and-quality
    install_path: employees\quality-security\GUARD\skills\code-review-and-quality
    tree_sha256: 1707ccf248a93ee4c504a82761df12db6119b1a38a354c0866ec0cbcc1ce7d87
    optional: false
  GUARD:verification-before-completion:
    employee: GUARD
    skill_id: verification-before-completion
    source_id: superpowers
    repo: obra/superpowers
    commit_sha: 3dcbd5c4b48e02263fbf4a3c01e3fe4f81d584d9
    license: MIT
    source_path: skills/verification-before-completion
    install_path: employees\quality-security\GUARD\skills\verification-before-completion
    tree_sha256: 89a426c6e82dd7e5f8c2cda146d422dede1e3c70c6436eaf9acc7dc103d0a2ea
    optional: false
  GUARD:security-and-hardening:
    employee: GUARD
    skill_id: security-and-hardening
    source_id: addy
    repo: addyosmani/agent-skills
    commit_sha: 7829ffd90d973b6325f5f12f1b1226dcace74443
    license: MIT
    source_path: skills/security-and-hardening
    install_path: employees\quality-security\GUARD\skills\security-and-hardening
    tree_sha256: e79921119cb91efc91a858ab909b6d36b458fb4391c481e50949e7ba362693c1
    optional: false
  GUARD:code-review-excellence:
    employee: GUARD
    skill_id: code-review-excellence
    source_id: wshobson
    repo: wshobson/agents
    commit_sha: c4b82b0ad771190355eb8e204b1329732a18449a
    license: MIT
    source_path: plugins/developer-essentials/skills/code-review-excellence
    install_path: employees\quality-security\GUARD\skills\code-review-excellence
    tree_sha256: f09be97feacc2d8e48abc95e02764b2eac4bd985bc1ac6d85d4bb02dc3d7fa02
    optional: false
  TRACE:test-driven-development:
    employee: TRACE
    skill_id: test-driven-development
    source_id: addy
    repo: addyosmani/agent-skills
    commit_sha: 7829ffd90d973b6325f5f12f1b1226dcace74443
    license: MIT
    source_path: skills/test-driven-development
    install_path: employees\quality-security\TRACE\skills\test-driven-development
    tree_sha256: 5b4d4c311231d5311d17cd15d78938fcf5c132feb3857804e7f1025e73236a1a
    optional: false
  TRACE:systematic-debugging:
    employee: TRACE
    skill_id: systematic-debugging
    source_id: superpowers
    repo: obra/superpowers
    commit_sha: 3dcbd5c4b48e02263fbf4a3c01e3fe4f81d584d9
    license: MIT
    source_path: skills/systematic-debugging
    install_path: employees\quality-security\TRACE\skills\systematic-debugging
    tree_sha256: d0134976029f33614f2be69ae7f44722ed6354ff9aef0c40f13bcdf646196026
    optional: false
  TRACE:e2e-testing-patterns:
    employee: TRACE
    skill_id: e2e-testing-patterns
    source_id: wshobson
    repo: wshobson/agents
    commit_sha: c4b82b0ad771190355eb8e204b1329732a18449a
    license: MIT
    source_path: plugins/developer-essentials/skills/e2e-testing-patterns
    install_path: employees\quality-security\TRACE\skills\e2e-testing-patterns
    tree_sha256: 1f269321ea503171241afaa24767a038c4abd6aa50ffbe45c0eb6a43a063b395
    optional: false
  TRACE:verification-before-completion:
    employee: TRACE
    skill_id: verification-before-completion
    source_id: superpowers
    repo: obra/superpowers
    commit_sha: 3dcbd5c4b48e02263fbf4a3c01e3fe4f81d584d9
    license: MIT
    source_path: skills/verification-before-completion
    install_path: employees\quality-security\TRACE\skills\verification-before-completion
    tree_sha256: 89a426c6e82dd7e5f8c2cda146d422dede1e3c70c6436eaf9acc7dc103d0a2ea
    optional: false
  SHIELD:security-and-hardening:
    employee: SHIELD
    skill_id: security-and-hardening
    source_id: addy
    repo: addyosmani/agent-skills
    commit_sha: 7829ffd90d973b6325f5f12f1b1226dcace74443
    license: MIT
    source_path: skills/security-and-hardening
    install_path: employees\quality-security\SHIELD\skills\security-and-hardening
    tree_sha256: e79921119cb91efc91a858ab909b6d36b458fb4391c481e50949e7ba362693c1
    optional: false
  SHIELD:auth-implementation-patterns:
    employee: SHIELD
    skill_id: auth-implementation-patterns
    source_id: wshobson
    repo: wshobson/agents
    commit_sha: c4b82b0ad771190355eb8e204b1329732a18449a
    license: MIT
    source_path: plugins/developer-essentials/skills/auth-implementation-patterns
    install_path: employees\quality-security\SHIELD\skills\auth-implementation-patterns
    tree_sha256: aa2a3a55531a7fdc839aa3de618a81bcc62c961de150f080c6e8a1c7d2ea2d98
    optional: false
  SHIELD:source-driven-development:
    employee: SHIELD
    skill_id: source-driven-development
    source_id: addy
    repo: addyosmani/agent-skills
    commit_sha: 7829ffd90d973b6325f5f12f1b1226dcace74443
    license: MIT
    source_path: skills/source-driven-development
    install_path: employees\quality-security\SHIELD\skills\source-driven-development
    tree_sha256: 8484d1f9ca96e7e8b09207a6c077681f6fb8f86203a9d4a494360b9576f00710
    optional: false
  SHIELD:doubt-driven-development:
    employee: SHIELD
    skill_id: doubt-driven-development
    source_id: addy
    repo: addyosmani/agent-skills
    commit_sha: 7829ffd90d973b6325f5f12f1b1226dcace74443
    license: MIT
    source_path: skills/doubt-driven-development
    install_path: employees\quality-security\SHIELD\skills\doubt-driven-development
    tree_sha256: fee4481fdc1d3de7eab827b4a797223bc40fd02fdcb5ab9884a686176eb34888
    optional: false
  GROW:product-marketing:
    employee: GROW
    skill_id: product-marketing
    source_id: marketing
    repo: coreyhaines31/marketingskills
    commit_sha: 7868cb9251fad80a73d26e488a5ad5f6c4a9f335
    license: MIT
    source_path: skills/product-marketing
    install_path: employees\growth-marketing\GROW\skills\product-marketing
    tree_sha256: 7234435fb001bb36e7c8fd4bb74aae08f9f25708080e45d80cec5bd1159df264
    optional: false
  GROW:launch:
    employee: GROW
    skill_id: launch
    source_id: marketing
    repo: coreyhaines31/marketingskills
    commit_sha: 7868cb9251fad80a73d26e488a5ad5f6c4a9f335
    license: MIT
    source_path: skills/launch
    install_path: employees\growth-marketing\GROW\skills\launch
    tree_sha256: d94797eef417feb2c635875876723bf951db9a670c28bc3ff56c210a07d2b7c5
    optional: false
  GROW:customer-research:
    employee: GROW
    skill_id: customer-research
    source_id: marketing
    repo: coreyhaines31/marketingskills
    commit_sha: 7868cb9251fad80a73d26e488a5ad5f6c4a9f335
    license: MIT
    source_path: skills/customer-research
    install_path: employees\growth-marketing\GROW\skills\customer-research
    tree_sha256: 30f933eb3186480eb2d1b8f35cd0fa70b64a6551ee2a5737875e2cf1c1c6d0c2
    optional: false
  VOICE:copywriting:
    employee: VOICE
    skill_id: copywriting
    source_id: marketing
    repo: coreyhaines31/marketingskills
    commit_sha: 7868cb9251fad80a73d26e488a5ad5f6c4a9f335
    license: MIT
    source_path: skills/copywriting
    install_path: employees\growth-marketing\VOICE\skills\copywriting
    tree_sha256: 98d64344d902644e9c25980b17288476cb19222333271c1fc426b310619ef12a
    optional: false
  VOICE:humanizer:
    employee: VOICE
    skill_id: humanizer
    source_id: humanizer
    repo: blader/humanizer
    commit_sha: 523374dee72d67c7b2b5f858ea0094ffda49c3ac
    license: MIT
    source_path: SKILL.md
    install_path: employees\growth-marketing\VOICE\skills\humanizer
    tree_sha256: 51efcd0c4bee071f1c109563ba619c89ca9303f9775b7a6d01c1fa425c31e22e
    optional: false
  VOICE:product-marketing:
    employee: VOICE
    skill_id: product-marketing
    source_id: marketing
    repo: coreyhaines31/marketingskills
    commit_sha: 7868cb9251fad80a73d26e488a5ad5f6c4a9f335
    license: MIT
    source_path: skills/product-marketing
    install_path: employees\growth-marketing\VOICE\skills\product-marketing
    tree_sha256: 7234435fb001bb36e7c8fd4bb74aae08f9f25708080e45d80cec5bd1159df264
    optional: false
  VOICE:design-first-ui-prompting:
    employee: VOICE
    skill_id: design-first-ui-prompting
    source_id: mengto
    repo: MengTo/Skills
    commit_sha: 93da48f13fb1b91bdbf4718d0f49df1a469edb45
    license: MIT
    source_path: agent-skills/ui/design-first-ui-prompting
    install_path: employees\growth-marketing\VOICE\skills\design-first-ui-prompting
    tree_sha256: 0aca0037b76648c79e34a5a1b6f0fe7fb871efa5f287bae3e59325ef4501bafb
    optional: false
  PULSE:analytics:
    employee: PULSE
    skill_id: analytics
    source_id: marketing
    repo: coreyhaines31/marketingskills
    commit_sha: 7868cb9251fad80a73d26e488a5ad5f6c4a9f335
    license: MIT
    source_path: skills/analytics
    install_path: employees\growth-marketing\PULSE\skills\analytics
    tree_sha256: 97d754f94add0e6b6ebb7f71547d89bd3b6a58aa7c320d10ff4f9037995361c0
    optional: false
  PULSE:ab-testing:
    employee: PULSE
    skill_id: ab-testing
    source_id: marketing
    repo: coreyhaines31/marketingskills
    commit_sha: 7868cb9251fad80a73d26e488a5ad5f6c4a9f335
    license: MIT
    source_path: skills/ab-testing
    install_path: employees\growth-marketing\PULSE\skills\ab-testing
    tree_sha256: 8bb3ed6a5d1f987ba1460a3a2c6cfc879c3d624ba16fa87890891f0237a4b048
    optional: false
  PULSE:cro:
    employee: PULSE
    skill_id: cro
    source_id: marketing
    repo: coreyhaines31/marketingskills
    commit_sha: 7868cb9251fad80a73d26e488a5ad5f6c4a9f335
    license: MIT
    source_path: skills/cro
    install_path: employees\growth-marketing\PULSE\skills\cro
    tree_sha256: 703958c642640e7c4a7e2e49900afea82974856a7fe0a18c7bae5328aa86a28d
    optional: false
  PULSE:seo-audit:
    employee: PULSE
    skill_id: seo-audit
    source_id: marketing
    repo: coreyhaines31/marketingskills
    commit_sha: 7868cb9251fad80a73d26e488a5ad5f6c4a9f335
    license: MIT
    source_path: skills/seo-audit
    install_path: employees\growth-marketing\PULSE\skills\seo-audit
    tree_sha256: e8b31a2fb141184b2d2dc670358e40766ca07f3dacec487f06d388dca819a877
    optional: false
  LENS:code-review-and-quality:
    employee: LENS
    skill_id: code-review-and-quality
    source_id: addy
    repo: addyosmani/agent-skills
    commit_sha: 7829ffd90d973b6325f5f12f1b1226dcace74443
    license: MIT
    source_path: skills/code-review-and-quality
    install_path: employees\service-knowledge\LENS\skills\code-review-and-quality
    tree_sha256: 1707ccf248a93ee4c504a82761df12db6119b1a38a354c0866ec0cbcc1ce7d87
    optional: false
  LENS:verification-before-completion:
    employee: LENS
    skill_id: verification-before-completion
    source_id: superpowers
    repo: obra/superpowers
    commit_sha: 3dcbd5c4b48e02263fbf4a3c01e3fe4f81d584d9
    license: MIT
    source_path: skills/verification-before-completion
    install_path: employees\service-knowledge\LENS\skills\verification-before-completion
    tree_sha256: 89a426c6e82dd7e5f8c2cda146d422dede1e3c70c6436eaf9acc7dc103d0a2ea
    optional: false
  LENS:impeccable:
    employee: LENS
    skill_id: impeccable
    source_id: impeccable
    repo: pbakaus/impeccable
    commit_sha: 1cf7d7ab0f1ac0bb3319fd20be389a3009f4037d
    license: Apache-2.0
    source_path: .agents/skills/impeccable
    install_path: employees\service-knowledge\LENS\skills\impeccable
    tree_sha256: c6b8689d54a5ed7b7d4aee9b9b9a146f339b0ddf8b0eb02c8e333ebb94dddfe0
    optional: false
  LENS:ui-ux-pro-max:
    employee: LENS
    skill_id: ui-ux-pro-max
    source_id: uiux
    repo: nextlevelbuilder/ui-ux-pro-max-skill
    commit_sha: 4857a2c5ef989794751a0f66b8545a4a49566286
    license: MIT
    source_path: .claude/skills/ui-ux-pro-max
    install_path: employees\service-knowledge\LENS\skills\ui-ux-pro-max
    tree_sha256: a839b59bc9f9b3766f60edfb0d7f6d0278cb4eb1ca00a36ba36d1e847bb79625
    optional: false
  JOURNEY:ui-ux-pro-max:
    employee: JOURNEY
    skill_id: ui-ux-pro-max
    source_id: uiux
    repo: nextlevelbuilder/ui-ux-pro-max-skill
    commit_sha: 4857a2c5ef989794751a0f66b8545a4a49566286
    license: MIT
    source_path: .claude/skills/ui-ux-pro-max
    install_path: employees\service-knowledge\JOURNEY\skills\ui-ux-pro-max
    tree_sha256: a839b59bc9f9b3766f60edfb0d7f6d0278cb4eb1ca00a36ba36d1e847bb79625
    optional: false
  JOURNEY:cro:
    employee: JOURNEY
    skill_id: cro
    source_id: marketing
    repo: coreyhaines31/marketingskills
    commit_sha: 7868cb9251fad80a73d26e488a5ad5f6c4a9f335
    license: MIT
    source_path: skills/cro
    install_path: employees\service-knowledge\JOURNEY\skills\cro
    tree_sha256: 703958c642640e7c4a7e2e49900afea82974856a7fe0a18c7bae5328aa86a28d
    optional: false
  JOURNEY:customer-research:
    employee: JOURNEY
    skill_id: customer-research
    source_id: marketing
    repo: coreyhaines31/marketingskills
    commit_sha: 7868cb9251fad80a73d26e488a5ad5f6c4a9f335
    license: MIT
    source_path: skills/customer-research
    install_path: employees\service-knowledge\JOURNEY\skills\customer-research
    tree_sha256: 30f933eb3186480eb2d1b8f35cd0fa70b64a6551ee2a5737875e2cf1c1c6d0c2
    optional: false
  JOURNEY:onboarding:
    employee: JOURNEY
    skill_id: onboarding
    source_id: marketing
    repo: coreyhaines31/marketingskills
    commit_sha: 7868cb9251fad80a73d26e488a5ad5f6c4a9f335
    license: MIT
    source_path: skills/onboarding
    install_path: employees\service-knowledge\JOURNEY\skills\onboarding
    tree_sha256: dab3220a5b8554753284f882763d78a71f3a282f3e3661f415e45cfdfc368463
    optional: false
  DOCS:documentation-and-adrs:
    employee: DOCS
    skill_id: documentation-and-adrs
    source_id: addy
    repo: addyosmani/agent-skills
    commit_sha: 7829ffd90d973b6325f5f12f1b1226dcace74443
    license: MIT
    source_path: skills/documentation-and-adrs
    install_path: employees\service-knowledge\DOCS\skills\documentation-and-adrs
    tree_sha256: 6a01d3f43c8900c8fe82dd6b24676945f887b4eae9377d48532669802ac56425
    optional: false
  DOCS:writing-skills:
    employee: DOCS
    skill_id: writing-skills
    source_id: superpowers
    repo: obra/superpowers
    commit_sha: 3dcbd5c4b48e02263fbf4a3c01e3fe4f81d584d9
    license: MIT
    source_path: skills/writing-skills
    install_path: employees\service-knowledge\DOCS\skills\writing-skills
    tree_sha256: 5fcd438f1c8c1413b910d1bd631851e7527fe90e92bd321a80a64b67667508c2
    optional: false
  DOCS:source-driven-development:
    employee: DOCS
    skill_id: source-driven-development
    source_id: addy
    repo: addyosmani/agent-skills
    commit_sha: 7829ffd90d973b6325f5f12f1b1226dcace74443
    license: MIT
    source_path: skills/source-driven-development
    install_path: employees\service-knowledge\DOCS\skills\source-driven-development
    tree_sha256: 8484d1f9ca96e7e8b09207a6c077681f6fb8f86203a9d4a494360b9576f00710
    optional: false
  DOCS:humanizer:
    employee: DOCS
    skill_id: humanizer
    source_id: humanizer
    repo: blader/humanizer
    commit_sha: 523374dee72d67c7b2b5f858ea0094ffda49c3ac
    license: MIT
    source_path: SKILL.md
    install_path: employees\service-knowledge\DOCS\skills\humanizer
    tree_sha256: 51efcd0c4bee071f1c109563ba619c89ca9303f9775b7a6d01c1fa425c31e22e
    optional: false
